
Microsoft Visual Studio Solution File, Format Version 12.00
# Visual Studio Version 16
VisualStudioVersion = 16.0.31321.278
MinimumVisualStudioVersion = 10.0.40219.1
Project("{FAE04EC0-301F-11D3-BF4B-00C04F79EFBC}") = "MatrizesSomandoPorLinhas", "MatrizesSomandoPorLinhas\MatrizesSomandoPorLinhas.csproj", "{8E70FBFA-FC3B-402C-9B53-9C70B9BBD587}"
EndProject
Global
	GlobalSection(SolutionConfigurationPlatforms) = preSolution
		Debug|Any CPU = Debug|Any CPU
		Release|Any CPU = Release|Any CPU
	EndGlobalSection
	GlobalSection(ProjectConfigurationPlatforms) = postSolution
		{8E70FBFA-FC3B-402C-9B53-9C70B9BBD587}.Debug|Any CPU.ActiveCfg = Debug|Any CPU
		{8E70FBFA-FC3B-402C-9B53-9C70B9BBD587}.Debug|Any CPU.Build.0 = Debug|Any CPU
		{8E70FBFA-FC3B-402C-9B53-9C70B9BBD587}.Release|Any CPU.ActiveCfg = Release|Any CPU
		{8E70FBFA-FC3B-402C-9B53-9C70B9BBD587}.Release|Any CPU.Build.0 = Release|Any CPU
	EndGlobalSection
	GlobalSection(SolutionProperties) = preSolution
		HideSolutionNode = FALSE
	EndGlobalSection
	GlobalSection(ExtensibilityGlobals) = postSolution
		SolutionGuid = {4B9F194E-9145-44B7-8346-1836AFD63261}
	EndGlobalSection
EndGlobal
